
Microsoft Visual Studio Solution File, Format Version 12.00
# Visual Studio 15
VisualStudioVersion = 15.0.27130.2036
MinimumVisualStudioVersion = 10.0.40219.1
Project("{FAE04EC0-301F-11D3-BF4B-00C04F79EFBC}") = "LibXF.Test.Android", "LibXF.Test\LibXF.Test.Android\LibXF.Test.Android.csproj", "{CBA74AC0-AA5B-4556-A4D0-85CAB9749F69}"
EndProject
Project("{FAE04EC0-301F-11D3-BF4B-00C04F79EFBC}") = "LibXF.Test.iOS", "LibXF.Test\LibXF.Test.iOS\LibXF.Test.iOS.csproj", "{6701FC58-023F-4787-91D8-7933217683EE}"
EndProject
Project("{FAE04EC0-301F-11D3-BF4B-00C04F79EFBC}") = "LibXF.Test.UWP", "LibXF.Test\LibXF.Test.UWP\LibXF.Test.UWP.csproj", "{CF738B50-6C6D-4F4B-A6A0-E01F8B6AB348}"
EndProject
Project("{9A19103F-16F7-4668-BE54-9A1E7A4F7556}") = "LibXF.Test.Core", "LibXF.Test.Core\LibXF.Test.Core.csproj", "{8F3B3CDC-EC58-4144-85EB-153BEBC2E3BD}"
EndProject
Project("{9A19103F-16F7-4668-BE54-9A1E7A4F7556}") = "LibXF.Controls", "LibXF.Controls\LibXF.Controls.csproj", "{567C4272-9B41-4723-B9F6-1760CD6ED8E1}"
EndProject
Global
	GlobalSection(SolutionConfigurationPlatforms) = preSolution
		Ad-Hoc|Any CPU = Ad-Hoc|Any CPU
		Ad-Hoc|ARM = Ad-Hoc|ARM
		Ad-Hoc|iPhone = Ad-Hoc|iPhone
		Ad-Hoc|iPhoneSimulator = Ad-Hoc|iPhoneSimulator
		Ad-Hoc|x64 = Ad-Hoc|x64
		Ad-Hoc|x86 = Ad-Hoc|x86
		AppStore|Any CPU = AppStore|Any CPU
		AppStore|ARM = AppStore|ARM
		AppStore|iPhone = AppStore|iPhone
		AppStore|iPhoneSimulator = AppStore|iPhoneSimulator
		AppStore|x64 = AppStore|x64
		AppStore|x86 = AppStore|x86
		Debug|Any CPU = Debug|Any CPU
		Debug|ARM = Debug|ARM
		Debug|iPhone = Debug|iPhone
		Debug|iPhoneSimulator = Debug|iPhoneSimulator
		Debug|x64 = Debug|x64
		Debug|x86 = Debug|x86
		Release|Any CPU = Release|Any CPU
		Release|ARM = Release|ARM
		Release|iPhone = Release|iPhone
		Release|iPhoneSimulator = Release|iPhoneSimulator
		Release|x64 = Release|x64
		Release|x86 = Release|x86
	EndGlobalSection
	GlobalSection(ProjectConfigurationPlatforms) = postSolution
		{CBA74AC0-AA5B-4556-A4D0-85CAB9749F69}.Ad-Hoc|Any CPU.ActiveCfg = Release|Any CPU
		{CBA74AC0-AA5B-4556-A4D0-85CAB9749F69}.Ad-Hoc|Any CPU.Build.0 = Release|Any CPU
		{CBA74AC0-AA5B-4556-A4D0-85CAB9749F69}.Ad-Hoc|Any CPU.Deploy.0 = Release|Any CPU
		{CBA74AC0-AA5B-4556-A4D0-85CAB9749F69}.Ad-Hoc|ARM.ActiveCfg = Release|Any CPU
		{CBA74AC0-AA5B-4556-A4D0-85CAB9749F69}.Ad-Hoc|ARM.Build.0 = Release|Any CPU
		{CBA74AC0-AA5B-4556-A4D0-85CAB9749F69}.Ad-Hoc|ARM.Deploy.0 = Release|Any CPU
		{CBA74AC0-AA5B-4556-A4D0-85CAB9749F69}.Ad-Hoc|iPhone.ActiveCfg = Release|Any CPU
		{CBA74AC0-AA5B-4556-A4D0-85CAB9749F69}.Ad-Hoc|iPhone.Build.0 = Release|Any CPU
		{CBA74AC0-AA5B-4556-A4D0-85CAB9749F69}.Ad-Hoc|iPhone.Deploy.0 = Release|Any CPU
		{CBA74AC0-AA5B-4556-A4D0-85CAB9749F69}.Ad-Hoc|iPhoneSimulator.ActiveCfg = Release|Any CPU
		{CBA74AC0-AA5B-4556-A4D0-85CAB9749F69}.Ad-Hoc|iPhoneSimulator.Build.0 = Release|Any CPU
		{CBA74AC0-AA5B-4556-A4D0-85CAB9749F69}.Ad-Hoc|iPhoneSimulator.Deploy.0 = Release|Any CPU
		{CBA74AC0-AA5B-4556-A4D0-85CAB9749F69}.Ad-Hoc|x64.ActiveCfg = Release|Any CPU
		{CBA74AC0-AA5B-4556-A4D0-85CAB9749F69}.Ad-Hoc|x64.Build.0 = Release|Any CPU
		{CBA74AC0-AA5B-4556-A4D0-85CAB9749F69}.Ad-Hoc|x64.Deploy.0 = Release|Any CPU
		{CBA74AC0-AA5B-4556-A4D0-85CAB9749F69}.Ad-Hoc|x86.ActiveCfg = Release|Any CPU
		{CBA74AC0-AA5B-4556-A4D0-85CAB9749F69}.Ad-Hoc|x86.Build.0 = Release|Any CPU
		{CBA74AC0-AA5B-4556-A4D0-85CAB9749F69}.Ad-Hoc|x86.Deploy.0 = Release|Any CPU
		{CBA74AC0-AA5B-4556-A4D0-85CAB9749F69}.AppStore|Any CPU.ActiveCfg = Release|Any CPU
		{CBA74AC0-AA5B-4556-A4D0-85CAB9749F69}.AppStore|Any CPU.Build.0 = Release|Any CPU
		{CBA74AC0-AA5B-4556-A4D0-85CAB9749F69}.AppStore|Any CPU.Deploy.0 = Release|Any CPU
		{CBA74AC0-AA5B-4556-A4D0-85CAB9749F69}.AppStore|ARM.ActiveCfg = Release|Any CPU
		{CBA74AC0-AA5B-4556-A4D0-85CAB9749F69}.AppStore|ARM.Build.0 = Release|Any CPU
		{CBA74AC0-AA5B-4556-A4D0-85CAB9749F69}.AppStore|ARM.Deploy.0 = Release|Any CPU
		{CBA74AC0-AA5B-4556-A4D0-85CAB9749F69}.AppStore|iPhone.ActiveCfg = Release|Any CPU
		{CBA74AC0-AA5B-4556-A4D0-85CAB9749F69}.AppStore|iPhone.Build.0 = Release|Any CPU
		{CBA74AC0-AA5B-4556-A4D0-85CAB9749F69}.AppStore|iPhone.Deploy.0 = Release|Any CPU
		{CBA74AC0-AA5B-4556-A4D0-85CAB9749F69}.AppStore|iPhoneSimulator.ActiveCfg = Release|Any CPU
		{CBA74AC0-AA5B-4556-A4D0-85CAB9749F69}.AppStore|iPhoneSimulator.Build.0 = Release|Any CPU
		{CBA74AC0-AA5B-4556-A4D0-85CAB9749F69}.AppStore|iPhoneSimulator.Deploy.0 = Release|Any CPU
		{CBA74AC0-AA5B-4556-A4D0-85CAB9749F69}.AppStore|x64.ActiveCfg = Release|Any CPU
		{CBA74AC0-AA5B-4556-A4D0-85CAB9749F69}.AppStore|x64.Build.0 = Release|Any CPU
		{CBA74AC0-AA5B-4556-A4D0-85CAB9749F69}.AppStore|x64.Deploy.0 = Release|Any CPU
		{CBA74AC0-AA5B-4556-A4D0-85CAB9749F69}.AppStore|x86.ActiveCfg = Release|Any CPU
		{CBA74AC0-AA5B-4556-A4D0-85CAB9749F69}.AppStore|x86.Build.0 = Release|Any CPU
		{CBA74AC0-AA5B-4556-A4D0-85CAB9749F69}.AppStore|x86.Deploy.0 = Release|Any CPU
		{CBA74AC0-AA5B-4556-A4D0-85CAB9749F69}.Debug|Any CPU.ActiveCfg = Debug|Any CPU
		{CBA74AC0-AA5B-4556-A4D0-85CAB9749F69}.Debug|ARM.ActiveCfg = Debug|Any CPU
		{CBA74AC0-AA5B-4556-A4D0-85CAB9749F69}.Debug|ARM.Build.0 = Debug|Any CPU
		{CBA74AC0-AA5B-4556-A4D0-85CAB9749F69}.Debug|ARM.Deploy.0 = Debug|Any CPU
		{CBA74AC0-AA5B-4556-A4D0-85CAB9749F69}.Debug|iPhone.ActiveCfg = Debug|Any CPU
		{CBA74AC0-AA5B-4556-A4D0-85CAB9749F69}.Debug|iPhone.Build.0 = Debug|Any CPU
		{CBA74AC0-AA5B-4556-A4D0-85CAB9749F69}.Debug|iPhone.Deploy.0 = Debug|Any CPU
		{CBA74AC0-AA5B-4556-A4D0-85CAB9749F69}.Debug|iPhoneSimulator.ActiveCfg = Debug|Any CPU
		{CBA74AC0-AA5B-4556-A4D0-85CAB9749F69}.Debug|iPhoneSimulator.Build.0 = Debug|Any CPU
		{CBA74AC0-AA5B-4556-A4D0-85CAB9749F69}.Debug|iPhoneSimulator.Deploy.0 = Debug|Any CPU
		{CBA74AC0-AA5B-4556-A4D0-85CAB9749F69}.Debug|x64.ActiveCfg = Debug|Any CPU
		{CBA74AC0-AA5B-4556-A4D0-85CAB9749F69}.Debug|x64.Build.0 = Debug|Any CPU
		{CBA74AC0-AA5B-4556-A4D0-85CAB9749F69}.Debug|x64.Deploy.0 = Debug|Any CPU
		{CBA74AC0-AA5B-4556-A4D0-85CAB9749F69}.Debug|x86.ActiveCfg = Debug|Any CPU
		{CBA74AC0-AA5B-4556-A4D0-85CAB9749F69}.Release|Any CPU.ActiveCfg = Release|Any CPU
		{CBA74AC0-AA5B-4556-A4D0-85CAB9749F69}.Release|ARM.ActiveCfg = Release|Any CPU
		{CBA74AC0-AA5B-4556-A4D0-85CAB9749F69}.Release|ARM.Build.0 = Release|Any CPU
		{CBA74AC0-AA5B-4556-A4D0-85CAB9749F69}.Release|ARM.Deploy.0 = Release|Any CPU
		{CBA74AC0-AA5B-4556-A4D0-85CAB9749F69}.Release|iPhone.ActiveCfg = Release|Any CPU
		{CBA74AC0-AA5B-4556-A4D0-85CAB9749F69}.Release|iPhone.Build.0 = Release|Any CPU
		{CBA74AC0-AA5B-4556-A4D0-85CAB9749F69}.Release|iPhone.Deploy.0 = Release|Any CPU
		{CBA74AC0-AA5B-4556-A4D0-85CAB9749F69}.Release|iPhoneSimulator.ActiveCfg = Release|Any CPU
		{CBA74AC0-AA5B-4556-A4D0-85CAB9749F69}.Release|iPhoneSimulator.Build.0 = Release|Any CPU
		{CBA74AC0-AA5B-4556-A4D0-85CAB9749F69}.Release|iPhoneSimulator.Deploy.0 = Release|Any CPU
		{CBA74AC0-AA5B-4556-A4D0-85CAB9749F69}.Release|x64.ActiveCfg = Release|Any CPU
		{CBA74AC0-AA5B-4556-A4D0-85CAB9749F69}.Release|x64.Build.0 = Release|Any CPU
		{CBA74AC0-AA5B-4556-A4D0-85CAB9749F69}.Release|x64.Deploy.0 = Release|Any CPU
		{CBA74AC0-AA5B-4556-A4D0-85CAB9749F69}.Release|x86.ActiveCfg = Release|Any CPU
		{6701FC58-023F-4787-91D8-7933217683EE}.Ad-Hoc|Any CPU.ActiveCfg = Ad-Hoc|iPhoneSimulator
		{6701FC58-023F-4787-91D8-7933217683EE}.Ad-Hoc|ARM.ActiveCfg = Ad-Hoc|iPhone
		{6701FC58-023F-4787-91D8-7933217683EE}.Ad-Hoc|iPhone.ActiveCfg = Ad-Hoc|iPhone
		{6701FC58-023F-4787-91D8-7933217683EE}.Ad-Hoc|iPhone.Build.0 = Ad-Hoc|iPhone
		{6701FC58-023F-4787-91D8-7933217683EE}.Ad-Hoc|iPhoneSimulator.ActiveCfg = Ad-Hoc|iPhoneSimulator
		{6701FC58-023F-4787-91D8-7933217683EE}.Ad-Hoc|iPhoneSimulator.Build.0 = Ad-Hoc|iPhoneSimulator
		{6701FC58-023F-4787-91D8-7933217683EE}.Ad-Hoc|x64.ActiveCfg = Ad-Hoc|iPhone
		{6701FC58-023F-4787-91D8-7933217683EE}.Ad-Hoc|x86.ActiveCfg = Ad-Hoc|iPhone
		{6701FC58-023F-4787-91D8-7933217683EE}.AppStore|Any CPU.ActiveCfg = AppStore|iPhoneSimulator
		{6701FC58-023F-4787-91D8-7933217683EE}.AppStore|ARM.ActiveCfg = AppStore|iPhone
		{6701FC58-023F-4787-91D8-7933217683EE}.AppStore|iPhone.ActiveCfg = AppStore|iPhone
		{6701FC58-023F-4787-91D8-7933217683EE}.AppStore|iPhone.Build.0 = AppStore|iPhone
		{6701FC58-023F-4787-91D8-7933217683EE}.AppStore|iPhoneSimulator.ActiveCfg = AppStore|iPhoneSimulator
		{6701FC58-023F-4787-91D8-7933217683EE}.AppStore|iPhoneSimulator.Build.0 = AppStore|iPhoneSimulator
		{6701FC58-023F-4787-91D8-7933217683EE}.AppStore|x64.ActiveCfg = AppStore|iPhone
		{6701FC58-023F-4787-91D8-7933217683EE}.AppStore|x86.ActiveCfg = AppStore|iPhone
		{6701FC58-023F-4787-91D8-7933217683EE}.Debug|Any CPU.ActiveCfg = Debug|iPhoneSimulator
		{6701FC58-023F-4787-91D8-7933217683EE}.Debug|ARM.ActiveCfg = Debug|iPhone
		{6701FC58-023F-4787-91D8-7933217683EE}.Debug|iPhone.ActiveCfg = Debug|iPhone
		{6701FC58-023F-4787-91D8-7933217683EE}.Debug|iPhone.Build.0 = Debug|iPhone
		{6701FC58-023F-4787-91D8-7933217683EE}.Debug|iPhoneSimulator.ActiveCfg = Debug|iPhoneSimulator
		{6701FC58-023F-4787-91D8-7933217683EE}.Debug|iPhoneSimulator.Build.0 = Debug|iPhoneSimulator
		{6701FC58-023F-4787-91D8-7933217683EE}.Debug|x64.ActiveCfg = Debug|iPhone
		{6701FC58-023F-4787-91D8-7933217683EE}.Debug|x86.ActiveCfg = Debug|iPhone
		{6701FC58-023F-4787-91D8-7933217683EE}.Release|Any CPU.ActiveCfg = Release|iPhoneSimulator
		{6701FC58-023F-4787-91D8-7933217683EE}.Release|ARM.ActiveCfg = Release|iPhone
		{6701FC58-023F-4787-91D8-7933217683EE}.Release|iPhone.ActiveCfg = Release|iPhone
		{6701FC58-023F-4787-91D8-7933217683EE}.Release|iPhone.Build.0 = Release|iPhone
		{6701FC58-023F-4787-91D8-7933217683EE}.Release|iPhoneSimulator.ActiveCfg = Release|iPhoneSimulator
		{6701FC58-023F-4787-91D8-7933217683EE}.Release|iPhoneSimulator.Build.0 = Release|iPhoneSimulator
		{6701FC58-023F-4787-91D8-7933217683EE}.Release|x64.ActiveCfg = Release|iPhone
		{6701FC58-023F-4787-91D8-7933217683EE}.Release|x86.ActiveCfg = Release|iPhone
		{CF738B50-6C6D-4F4B-A6A0-E01F8B6AB348}.Ad-Hoc|Any CPU.ActiveCfg = Release|x86
		{CF738B50-6C6D-4F4B-A6A0-E01F8B6AB348}.Ad-Hoc|Any CPU.Build.0 = Release|x86
		{CF738B50-6C6D-4F4B-A6A0-E01F8B6AB348}.Ad-Hoc|Any CPU.Deploy.0 = Release|x86
		{CF738B50-6C6D-4F4B-A6A0-E01F8B6AB348}.Ad-Hoc|ARM.ActiveCfg = Release|ARM
		{CF738B50-6C6D-4F4B-A6A0-E01F8B6AB348}.Ad-Hoc|ARM.Build.0 = Release|ARM
		{CF738B50-6C6D-4F4B-A6A0-E01F8B6AB348}.Ad-Hoc|ARM.Deploy.0 = Release|ARM
		{CF738B50-6C6D-4F4B-A6A0-E01F8B6AB348}.Ad-Hoc|iPhone.ActiveCfg = Release|x86
		{CF738B50-6C6D-4F4B-A6A0-E01F8B6AB348}.Ad-Hoc|iPhone.Build.0 = Release|x86
		{CF738B50-6C6D-4F4B-A6A0-E01F8B6AB348}.Ad-Hoc|iPhone.Deploy.0 = Release|x86
		{CF738B50-6C6D-4F4B-A6A0-E01F8B6AB348}.Ad-Hoc|iPhoneSimulator.ActiveCfg = Release|x86
		{CF738B50-6C6D-4F4B-A6A0-E01F8B6AB348}.Ad-Hoc|iPhoneSimulator.Build.0 = Release|x86
		{CF738B50-6C6D-4F4B-A6A0-E01F8B6AB348}.Ad-Hoc|iPhoneSimulator.Deploy.0 = Release|x86
		{CF738B50-6C6D-4F4B-A6A0-E01F8B6AB348}.Ad-Hoc|x64.ActiveCfg = Release|x64
		{CF738B50-6C6D-4F4B-A6A0-E01F8B6AB348}.Ad-Hoc|x64.Build.0 = Release|x64
		{CF738B50-6C6D-4F4B-A6A0-E01F8B6AB348}.Ad-Hoc|x64.Deploy.0 = Release|x64
		{CF738B50-6C6D-4F4B-A6A0-E01F8B6AB348}.Ad-Hoc|x86.ActiveCfg = Release|x86
		{CF738B50-6C6D-4F4B-A6A0-E01F8B6AB348}.Ad-Hoc|x86.Build.0 = Release|x86
		{CF738B50-6C6D-4F4B-A6A0-E01F8B6AB348}.Ad-Hoc|x86.Deploy.0 = Release|x86
		{CF738B50-6C6D-4F4B-A6A0-E01F8B6AB348}.AppStore|Any CPU.ActiveCfg = Release|x86
		{CF738B50-6C6D-4F4B-A6A0-E01F8B6AB348}.AppStore|Any CPU.Build.0 = Release|x86
		{CF738B50-6C6D-4F4B-A6A0-E01F8B6AB348}.AppStore|Any CPU.Deploy.0 = Release|x86
		{CF738B50-6C6D-4F4B-A6A0-E01F8B6AB348}.AppStore|ARM.ActiveCfg = Release|ARM
		{CF738B50-6C6D-4F4B-A6A0-E01F8B6AB348}.AppStore|ARM.Build.0 = Release|ARM
		{CF738B50-6C6D-4F4B-A6A0-E01F8B6AB348}.AppStore|ARM.Deploy.0 = Release|ARM
		{CF738B50-6C6D-4F4B-A6A0-E01F8B6AB348}.AppStore|iPhone.ActiveCfg = Release|x86
		{CF738B50-6C6D-4F4B-A6A0-E01F8B6AB348}.AppStore|iPhone.Build.0 = Release|x86
		{CF738B50-6C6D-4F4B-A6A0-E01F8B6AB348}.AppStore|iPhone.Deploy.0 = Release|x86
		{CF738B50-6C6D-4F4B-A6A0-E01F8B6AB348}.AppStore|iPhoneSimulator.ActiveCfg = Release|x86
		{CF738B50-6C6D-4F4B-A6A0-E01F8B6AB348}.AppStore|iPhoneSimulator.Build.0 = Release|x86
		{CF738B50-6C6D-4F4B-A6A0-E01F8B6AB348}.AppStore|iPhoneSimulator.Deploy.0 = Release|x86
		{CF738B50-6C6D-4F4B-A6A0-E01F8B6AB348}.AppStore|x64.ActiveCfg = Release|x64
		{CF738B50-6C6D-4F4B-A6A0-E01F8B6AB348}.AppStore|x64.Build.0 = Release|x64
		{CF738B50-6C6D-4F4B-A6A0-E01F8B6AB348}.AppStore|x64.Deploy.0 = Release|x64
		{CF738B50-6C6D-4F4B-A6A0-E01F8B6AB348}.AppStore|x86.ActiveCfg = Release|x86
		{CF738B50-6C6D-4F4B-A6A0-E01F8B6AB348}.AppStore|x86.Build.0 = Release|x86
		{CF738B50-6C6D-4F4B-A6A0-E01F8B6AB348}.AppStore|x86.Deploy.0 = Release|x86
		{CF738B50-6C6D-4F4B-A6A0-E01F8B6AB348}.Debug|Any CPU.ActiveCfg = Debug|x86
		{CF738B50-6C6D-4F4B-A6A0-E01F8B6AB348}.Debug|Any CPU.Build.0 = Debug|x86
		{CF738B50-6C6D-4F4B-A6A0-E01F8B6AB348}.Debug|Any CPU.Deploy.0 = Debug|x86
		{CF738B50-6C6D-4F4B-A6A0-E01F8B6AB348}.Debug|ARM.ActiveCfg = Debug|ARM
		{CF738B50-6C6D-4F4B-A6A0-E01F8B6AB348}.Debug|ARM.Build.0 = Debug|ARM
		{CF738B50-6C6D-4F4B-A6A0-E01F8B6AB348}.Debug|ARM.Deploy.0 = Debug|ARM
		{CF738B50-6C6D-4F4B-A6A0-E01F8B6AB348}.Debug|iPhone.ActiveCfg = Debug|x86
		{CF738B50-6C6D-4F4B-A6A0-E01F8B6AB348}.Debug|iPhoneSimulator.ActiveCfg = Debug|x86
		{CF738B50-6C6D-4F4B-A6A0-E01F8B6AB348}.Debug|x64.ActiveCfg = Debug|x64
		{CF738B50-6C6D-4F4B-A6A0-E01F8B6AB348}.Debug|x64.Build.0 = Debug|x64
		{CF738B50-6C6D-4F4B-A6A0-E01F8B6AB348}.Debug|x64.Deploy.0 = Debug|x64
		{CF738B50-6C6D-4F4B-A6A0-E01F8B6AB348}.Debug|x86.ActiveCfg = Debug|x86
		{CF738B50-6C6D-4F4B-A6A0-E01F8B6AB348}.Debug|x86.Build.0 = Debug|x86
		{CF738B50-6C6D-4F4B-A6A0-E01F8B6AB348}.Debug|x86.Deploy.0 = Debug|x86
		{CF738B50-6C6D-4F4B-A6A0-E01F8B6AB348}.Release|Any CPU.ActiveCfg = Release|x86
		{CF738B50-6C6D-4F4B-A6A0-E01F8B6AB348}.Release|ARM.ActiveCfg = Release|ARM
		{CF738B50-6C6D-4F4B-A6A0-E01F8B6AB348}.Release|ARM.Build.0 = Release|ARM
		{CF738B50-6C6D-4F4B-A6A0-E01F8B6AB348}.Release|ARM.Deploy.0 = Release|ARM
		{CF738B50-6C6D-4F4B-A6A0-E01F8B6AB348}.Release|iPhone.ActiveCfg = Release|x86
		{CF738B50-6C6D-4F4B-A6A0-E01F8B6AB348}.Release|iPhoneSimulator.ActiveCfg = Release|x86
		{CF738B50-6C6D-4F4B-A6A0-E01F8B6AB348}.Release|x64.ActiveCfg = Release|x64
		{CF738B50-6C6D-4F4B-A6A0-E01F8B6AB348}.Release|x64.Build.0 = Release|x64
		{CF738B50-6C6D-4F4B-A6A0-E01F8B6AB348}.Release|x64.Deploy.0 = Release|x64
		{CF738B50-6C6D-4F4B-A6A0-E01F8B6AB348}.Release|x86.ActiveCfg = Release|x86
		{8F3B3CDC-EC58-4144-85EB-153BEBC2E3BD}.Ad-Hoc|Any CPU.ActiveCfg = Debug|Any CPU
		{8F3B3CDC-EC58-4144-85EB-153BEBC2E3BD}.Ad-Hoc|Any CPU.Build.0 = Debug|Any CPU
		{8F3B3CDC-EC58-4144-85EB-153BEBC2E3BD}.Ad-Hoc|ARM.ActiveCfg = Debug|Any CPU
		{8F3B3CDC-EC58-4144-85EB-153BEBC2E3BD}.Ad-Hoc|ARM.Build.0 = Debug|Any CPU
		{8F3B3CDC-EC58-4144-85EB-153BEBC2E3BD}.Ad-Hoc|iPhone.ActiveCfg = Debug|Any CPU
		{8F3B3CDC-EC58-4144-85EB-153BEBC2E3BD}.Ad-Hoc|iPhone.Build.0 = Debug|Any CPU
		{8F3B3CDC-EC58-4144-85EB-153BEBC2E3BD}.Ad-Hoc|iPhoneSimulator.ActiveCfg = Debug|Any CPU
		{8F3B3CDC-EC58-4144-85EB-153BEBC2E3BD}.Ad-Hoc|iPhoneSimulator.Build.0 = Debug|Any CPU
		{8F3B3CDC-EC58-4144-85EB-153BEBC2E3BD}.Ad-Hoc|x64.ActiveCfg = Debug|Any CPU
		{8F3B3CDC-EC58-4144-85EB-153BEBC2E3BD}.Ad-Hoc|x64.Build.0 = Debug|Any CPU
		{8F3B3CDC-EC58-4144-85EB-153BEBC2E3BD}.Ad-Hoc|x86.ActiveCfg = Debug|Any CPU
		{8F3B3CDC-EC58-4144-85EB-153BEBC2E3BD}.Ad-Hoc|x86.Build.0 = Debug|Any CPU
		{8F3B3CDC-EC58-4144-85EB-153BEBC2E3BD}.AppStore|Any CPU.ActiveCfg = Debug|Any CPU
		{8F3B3CDC-EC58-4144-85EB-153BEBC2E3BD}.AppStore|Any CPU.Build.0 = Debug|Any CPU
		{8F3B3CDC-EC58-4144-85EB-153BEBC2E3BD}.AppStore|ARM.ActiveCfg = Debug|Any CPU
		{8F3B3CDC-EC58-4144-85EB-153BEBC2E3BD}.AppStore|ARM.Build.0 = Debug|Any CPU
		{8F3B3CDC-EC58-4144-85EB-153BEBC2E3BD}.AppStore|iPhone.ActiveCfg = Debug|Any CPU
		{8F3B3CDC-EC58-4144-85EB-153BEBC2E3BD}.AppStore|iPhone.Build.0 = Debug|Any CPU
		{8F3B3CDC-EC58-4144-85EB-153BEBC2E3BD}.AppStore|iPhoneSimulator.ActiveCfg = Debug|Any CPU
		{8F3B3CDC-EC58-4144-85EB-153BEBC2E3BD}.AppStore|iPhoneSimulator.Build.0 = Debug|Any CPU
		{8F3B3CDC-EC58-4144-85EB-153BEBC2E3BD}.AppStore|x64.ActiveCfg = Debug|Any CPU
		{8F3B3CDC-EC58-4144-85EB-153BEBC2E3BD}.AppStore|x64.Build.0 = Debug|Any CPU
		{8F3B3CDC-EC58-4144-85EB-153BEBC2E3BD}.AppStore|x86.ActiveCfg = Debug|Any CPU
		{8F3B3CDC-EC58-4144-85EB-153BEBC2E3BD}.AppStore|x86.Build.0 = Debug|Any CPU
		{8F3B3CDC-EC58-4144-85EB-153BEBC2E3BD}.Debug|Any CPU.ActiveCfg = Debug|Any CPU
		{8F3B3CDC-EC58-4144-85EB-153BEBC2E3BD}.Debug|Any CPU.Build.0 = Debug|Any CPU
		{8F3B3CDC-EC58-4144-85EB-153BEBC2E3BD}.Debug|ARM.ActiveCfg = Debug|Any CPU
		{8F3B3CDC-EC58-4144-85EB-153BEBC2E3BD}.Debug|ARM.Build.0 = Debug|Any CPU
		{8F3B3CDC-EC58-4144-85EB-153BEBC2E3BD}.Debug|iPhone.ActiveCfg = Debug|Any CPU
		{8F3B3CDC-EC58-4144-85EB-153BEBC2E3BD}.Debug|iPhone.Build.0 = Debug|Any CPU
		{8F3B3CDC-EC58-4144-85EB-153BEBC2E3BD}.Debug|iPhoneSimulator.ActiveCfg = Debug|Any CPU
		{8F3B3CDC-EC58-4144-85EB-153BEBC2E3BD}.Debug|iPhoneSimulator.Build.0 = Debug|Any CPU
		{8F3B3CDC-EC58-4144-85EB-153BEBC2E3BD}.Debug|x64.ActiveCfg = Debug|Any CPU
		{8F3B3CDC-EC58-4144-85EB-153BEBC2E3BD}.Debug|x64.Build.0 = Debug|Any CPU
		{8F3B3CDC-EC58-4144-85EB-153BEBC2E3BD}.Debug|x86.ActiveCfg = Debug|Any CPU
		{8F3B3CDC-EC58-4144-85EB-153BEBC2E3BD}.Debug|x86.Build.0 = Debug|Any CPU
		{8F3B3CDC-EC58-4144-85EB-153BEBC2E3BD}.Release|Any CPU.ActiveCfg = Release|Any CPU
		{8F3B3CDC-EC58-4144-85EB-153BEBC2E3BD}.Release|ARM.ActiveCfg = Release|Any CPU
		{8F3B3CDC-EC58-4144-85EB-153BEBC2E3BD}.Release|ARM.Build.0 = Release|Any CPU
		{8F3B3CDC-EC58-4144-85EB-153BEBC2E3BD}.Release|iPhone.ActiveCfg = Release|Any CPU
		{8F3B3CDC-EC58-4144-85EB-153BEBC2E3BD}.Release|iPhone.Build.0 = Release|Any CPU
		{8F3B3CDC-EC58-4144-85EB-153BEBC2E3BD}.Release|iPhoneSimulator.ActiveCfg = Release|Any CPU
		{8F3B3CDC-EC58-4144-85EB-153BEBC2E3BD}.Release|iPhoneSimulator.Build.0 = Release|Any CPU
		{8F3B3CDC-EC58-4144-85EB-153BEBC2E3BD}.Release|x64.ActiveCfg = Release|Any CPU
		{8F3B3CDC-EC58-4144-85EB-153BEBC2E3BD}.Release|x64.Build.0 = Release|Any CPU
		{8F3B3CDC-EC58-4144-85EB-153BEBC2E3BD}.Release|x86.ActiveCfg = Release|Any CPU
		{567C4272-9B41-4723-B9F6-1760CD6ED8E1}.Ad-Hoc|Any CPU.ActiveCfg = Debug|Any CPU
		{567C4272-9B41-4723-B9F6-1760CD6ED8E1}.Ad-Hoc|Any CPU.Build.0 = Debug|Any CPU
		{567C4272-9B41-4723-B9F6-1760CD6ED8E1}.Ad-Hoc|ARM.ActiveCfg = Debug|Any CPU
		{567C4272-9B41-4723-B9F6-1760CD6ED8E1}.Ad-Hoc|ARM.Build.0 = Debug|Any CPU
		{567C4272-9B41-4723-B9F6-1760CD6ED8E1}.Ad-Hoc|iPhone.ActiveCfg = Debug|Any CPU
		{567C4272-9B41-4723-B9F6-1760CD6ED8E1}.Ad-Hoc|iPhone.Build.0 = Debug|Any CPU
		{567C4272-9B41-4723-B9F6-1760CD6ED8E1}.Ad-Hoc|iPhoneSimulator.ActiveCfg = Debug|Any CPU
		{567C4272-9B41-4723-B9F6-1760CD6ED8E1}.Ad-Hoc|iPhoneSimulator.Build.0 = Debug|Any CPU
		{567C4272-9B41-4723-B9F6-1760CD6ED8E1}.Ad-Hoc|x64.ActiveCfg = Debug|Any CPU
		{567C4272-9B41-4723-B9F6-1760CD6ED8E1}.Ad-Hoc|x64.Build.0 = Debug|Any CPU
		{567C4272-9B41-4723-B9F6-1760CD6ED8E1}.Ad-Hoc|x86.ActiveCfg = Debug|Any CPU
		{567C4272-9B41-4723-B9F6-1760CD6ED8E1}.Ad-Hoc|x86.Build.0 = Debug|Any CPU
		{567C4272-9B41-4723-B9F6-1760CD6ED8E1}.AppStore|Any CPU.ActiveCfg = Debug|Any CPU
		{567C4272-9B41-4723-B9F6-1760CD6ED8E1}.AppStore|Any CPU.Build.0 = Debug|Any CPU
		{567C4272-9B41-4723-B9F6-1760CD6ED8E1}.AppStore|ARM.ActiveCfg = Debug|Any CPU
		{567C4272-9B41-4723-B9F6-1760CD6ED8E1}.AppStore|ARM.Build.0 = Debug|Any CPU
		{567C4272-9B41-4723-B9F6-1760CD6ED8E1}.AppStore|iPhone.ActiveCfg = Debug|Any CPU
		{567C4272-9B41-4723-B9F6-1760CD6ED8E1}.AppStore|iPhone.Build.0 = Debug|Any CPU
		{567C4272-9B41-4723-B9F6-1760CD6ED8E1}.AppStore|iPhoneSimulator.ActiveCfg = Debug|Any CPU
		{567C4272-9B41-4723-B9F6-1760CD6ED8E1}.AppStore|iPhoneSimulator.Build.0 = Debug|Any CPU
		{567C4272-9B41-4723-B9F6-1760CD6ED8E1}.AppStore|x64.ActiveCfg = Debug|Any CPU
		{567C4272-9B41-4723-B9F6-1760CD6ED8E1}.AppStore|x64.Build.0 = Debug|Any CPU
		{567C4272-9B41-4723-B9F6-1760CD6ED8E1}.AppStore|x86.ActiveCfg = Debug|Any CPU
		{567C4272-9B41-4723-B9F6-1760CD6ED8E1}.AppStore|x86.Build.0 = Debug|Any CPU
		{567C4272-9B41-4723-B9F6-1760CD6ED8E1}.Debug|Any CPU.ActiveCfg = Debug|Any CPU
		{567C4272-9B41-4723-B9F6-1760CD6ED8E1}.Debug|Any CPU.Build.0 = Debug|Any CPU
		{567C4272-9B41-4723-B9F6-1760CD6ED8E1}.Debug|ARM.ActiveCfg = Debug|Any CPU
		{567C4272-9B41-4723-B9F6-1760CD6ED8E1}.Debug|ARM.Build.0 = Debug|Any CPU
		{567C4272-9B41-4723-B9F6-1760CD6ED8E1}.Debug|iPhone.ActiveCfg = Debug|Any CPU
		{567C4272-9B41-4723-B9F6-1760CD6ED8E1}.Debug|iPhone.Build.0 = Debug|Any CPU
		{567C4272-9B41-4723-B9F6-1760CD6ED8E1}.Debug|iPhoneSimulator.ActiveCfg = Debug|Any CPU
		{567C4272-9B41-4723-B9F6-1760CD6ED8E1}.Debug|iPhoneSimulator.Build.0 = Debug|Any CPU
		{567C4272-9B41-4723-B9F6-1760CD6ED8E1}.Debug|x64.ActiveCfg = Debug|Any CPU
		{567C4272-9B41-4723-B9F6-1760CD6ED8E1}.Debug|x64.Build.0 = Debug|Any CPU
		{567C4272-9B41-4723-B9F6-1760CD6ED8E1}.Debug|x86.ActiveCfg = Debug|Any CPU
		{567C4272-9B41-4723-B9F6-1760CD6ED8E1}.Debug|x86.Build.0 = Debug|Any CPU
		{567C4272-9B41-4723-B9F6-1760CD6ED8E1}.Release|Any CPU.ActiveCfg = Release|Any CPU
		{567C4272-9B41-4723-B9F6-1760CD6ED8E1}.Release|Any CPU.Build.0 = Release|Any CPU
		{567C4272-9B41-4723-B9F6-1760CD6ED8E1}.Release|ARM.ActiveCfg = Release|Any CPU
		{567C4272-9B41-4723-B9F6-1760CD6ED8E1}.Release|ARM.Build.0 = Release|Any CPU
		{567C4272-9B41-4723-B9F6-1760CD6ED8E1}.Release|iPhone.ActiveCfg = Release|Any CPU
		{567C4272-9B41-4723-B9F6-1760CD6ED8E1}.Release|iPhone.Build.0 = Release|Any CPU
		{567C4272-9B41-4723-B9F6-1760CD6ED8E1}.Release|iPhoneSimulator.ActiveCfg = Release|Any CPU
		{567C4272-9B41-4723-B9F6-1760CD6ED8E1}.Release|iPhoneSimulator.Build.0 = Release|Any CPU
		{567C4272-9B41-4723-B9F6-1760CD6ED8E1}.Release|x64.ActiveCfg = Release|Any CPU
		{567C4272-9B41-4723-B9F6-1760CD6ED8E1}.Release|x64.Build.0 = Release|Any CPU
		{567C4272-9B41-4723-B9F6-1760CD6ED8E1}.Release|x86.ActiveCfg = Release|Any CPU
		{567C4272-9B41-4723-B9F6-1760CD6ED8E1}.Release|x86.Build.0 = Release|Any CPU
	EndGlobalSection
	GlobalSection(SolutionProperties) = preSolution
		HideSolutionNode = FALSE
	EndGlobalSection
	GlobalSection(ExtensibilityGlobals) = postSolution
		SolutionGuid = {684566D2-4D19-4B4E-8722-4BBA5607F033}
	EndGlobalSection
EndGlobal
